
Microsoft Visual Studio Solution File, Format Version 12.00
# Visual Studio Version 17
VisualStudioVersion = 17.13.35931.197
MinimumVisualStudioVersion = 10.0.40219.1
Project("{FAE04EC0-301F-11D3-BF4B-00C04F79EFBC}") = "Taskboard.Api", "Taskboard.Api\Taskboard.Api.csproj", "{952A7333-59FC-45D5-8076-510B8A3C6CF3}"
EndProject
Project("{FAE04EC0-301F-11D3-BF4B-00C04F79EFBC}") = "Taskboard.Core", "Taskboard.Core\Taskboard.Core.csproj", "{C886184C-190A-6E9D-C83D-4BFAA2979864}"
EndProject
Project("{FAE04EC0-301F-11D3-BF4B-00C04F79EFBC}") = "Taskboard.Infrastructure", "Taskboard.Infrastructure\Taskboard.Infrastructure.csproj", "{064637E1-78F2-B844-4CA5-1491B3DE73F9}"
EndProject
Global
	GlobalSection(SolutionConfigurationPlatforms) = preSolution
		Debug|Any CPU = Debug|Any CPU
		Release|Any CPU = Release|Any CPU
	EndGlobalSection
	GlobalSection(ProjectConfigurationPlatforms) = postSolution
		{952A7333-59FC-45D5-8076-510B8A3C6CF3}.Debug|Any CPU.ActiveCfg = Debug|Any CPU
		{952A7333-59FC-45D5-8076-510B8A3C6CF3}.Debug|Any CPU.Build.0 = Debug|Any CPU
		{952A7333-59FC-45D5-8076-510B8A3C6CF3}.Release|Any CPU.ActiveCfg = Release|Any CPU
		{952A7333-59FC-45D5-8076-510B8A3C6CF3}.Release|Any CPU.Build.0 = Release|Any CPU
		{C886184C-190A-6E9D-C83D-4BFAA2979864}.Debug|Any CPU.ActiveCfg = Debug|Any CPU
		{C886184C-190A-6E9D-C83D-4BFAA2979864}.Debug|Any CPU.Build.0 = Debug|Any CPU
		{C886184C-190A-6E9D-C83D-4BFAA2979864}.Release|Any CPU.ActiveCfg = Release|Any CPU
		{C886184C-190A-6E9D-C83D-4BFAA2979864}.Release|Any CPU.Build.0 = Release|Any CPU
		{064637E1-78F2-B844-4CA5-1491B3DE73F9}.Debug|Any CPU.ActiveCfg = Debug|Any CPU
		{064637E1-78F2-B844-4CA5-1491B3DE73F9}.Debug|Any CPU.Build.0 = Debug|Any CPU
		{064637E1-78F2-B844-4CA5-1491B3DE73F9}.Release|Any CPU.ActiveCfg = Release|Any CPU
		{064637E1-78F2-B844-4CA5-1491B3DE73F9}.Release|Any CPU.Build.0 = Release|Any CPU
	EndGlobalSection
	GlobalSection(SolutionProperties) = preSolution
		HideSolutionNode = FALSE
	EndGlobalSection
	GlobalSection(ExtensibilityGlobals) = postSolution
		SolutionGuid = {686E1736-6594-42EC-B1B5-6775DAAD3935}
	EndGlobalSection
EndGlobal
